github.com/uchaloop/job v0.2.0 h1:7TNuzYSghlXC0gXDJihrjuKHTi2VB5nmTGFORnoySoI=
github.com/uchaloop/job v0.2.0/go.mod h1:HwaaCXk/3OToOXRQ546YHIVO9RgRueS/u2gXU/ses4Y=
github.com/uchaloop/validate v0.1.0 h1:lwcnFtHl0Kyviz1vTOTmBWj5Xu5j+NC8yoLUt/eSHY8=
github.com/uchaloop/validate v0.1.0/go.mod h1:6GbN7UKDj1ascOcC1JpCIMmPXvDC62c8Hm0yT/2Osbk=
